
Microsoft Visual Studio Solution File, Format Version 12.00
# Visual Studio Version 17
VisualStudioVersion = 17.3.32811.315
MinimumVisualStudioVersion = 10.0.40219.1
Project("{9A19103F-16F7-4668-BE54-9A1E7A4F7556}") = "PensionerDetailService", "PensionerDetailService\PensionerDetailService.csproj", "{9D994037-7B00-4D70-BB3D-E70D9FFA1971}"
EndProject
Project("{2150E333-8FDC-42A3-9474-1A3956D46DE8}") = "Solution Items", "Solution Items", "{9AB07477-F2BD-478F-AA57-69DC3FA89B3F}"
	ProjectSection(SolutionItems) = preProject
		SqlQuery_1.sql = SqlQuery_1.sql
	EndProjectSection
EndProject
Project("{FAE04EC0-301F-11D3-BF4B-00C04F79EFBC}") = "PensionerDetailUnitTests", "PensionerDetailUnitTests\PensionerDetailUnitTests.csproj", "{0D5DF155-C2EF-40B0-9D8B-7010702A3A9A}"
EndProject
Global
	GlobalSection(SolutionConfigurationPlatforms) = preSolution
		Debug|Any CPU = Debug|Any CPU
		Release|Any CPU = Release|Any CPU
	EndGlobalSection
	GlobalSection(ProjectConfigurationPlatforms) = postSolution
		{9D994037-7B00-4D70-BB3D-E70D9FFA1971}.Debug|Any CPU.ActiveCfg = Debug|Any CPU
		{9D994037-7B00-4D70-BB3D-E70D9FFA1971}.Debug|Any CPU.Build.0 = Debug|Any CPU
		{9D994037-7B00-4D70-BB3D-E70D9FFA1971}.Release|Any CPU.ActiveCfg = Release|Any CPU
		{9D994037-7B00-4D70-BB3D-E70D9FFA1971}.Release|Any CPU.Build.0 = Release|Any CPU
		{0D5DF155-C2EF-40B0-9D8B-7010702A3A9A}.Debug|Any CPU.ActiveCfg = Debug|Any CPU
		{0D5DF155-C2EF-40B0-9D8B-7010702A3A9A}.Debug|Any CPU.Build.0 = Debug|Any CPU
		{0D5DF155-C2EF-40B0-9D8B-7010702A3A9A}.Release|Any CPU.ActiveCfg = Release|Any CPU
		{0D5DF155-C2EF-40B0-9D8B-7010702A3A9A}.Release|Any CPU.Build.0 = Release|Any CPU
	EndGlobalSection
	GlobalSection(SolutionProperties) = preSolution
		HideSolutionNode = FALSE
	EndGlobalSection
	GlobalSection(ExtensibilityGlobals) = postSolution
		SolutionGuid = {751426CD-43BD-4047-964C-FC8DCE95862C}
	EndGlobalSection
EndGlobal
